// !$*UTF8*$!
{
	archiveVersion = 1;
	classes = {
	};
	objectVersion = 50;
	objects = {

/* Begin PBXBuildFile section */
		C9FF22DE237AF52200030742 /* AppDelegate.swift in Sources */ = {isa = PBXBuildFile; fileRef = C9FF22DD237AF52100030742 /* AppDelegate.swift */; };
		C9FF22E0237AF52200030742 /* SceneDelegate.swift in Sources */ = {isa = PBXBuildFile; fileRef = C9FF22DF237AF52200030742 /* SceneDelegate.swift */; };
		C9FF22E2237AF52200030742 /* ViewController.swift in Sources */ = {isa = PBXBuildFile; fileRef = C9FF22E1237AF52200030742 /* ViewController.swift */; };
		C9FF22E5237AF52200030742 /* Main.storyboard in Resources */ = {isa = PBXBuildFile; fileRef = C9FF22E3237AF52200030742 /* Main.storyboard */; };
		C9FF22E7237AF52600030742 /* Assets.xcassets in Resources */ = {isa = PBXBuildFile; fileRef = C9FF22E6237AF52600030742 /* Assets.xcassets */; };
		C9FF22EA237AF52600030742 /* LaunchScreen.storyboard in Resources */ = {isa = PBXBuildFile; fileRef = C9FF22E8237AF52600030742 /* LaunchScreen.storyboard */; };
		C9FF22F2237AF57800030742 /* Sign.swift in Sources */ = {isa = PBXBuildFile; fileRef = C9FF22F1237AF57800030742 /* Sign.swift */; };
/* End PBXBuildFile section */

/* Begin PBXFileReference section */
		C9FF22DA237AF52100030742 /* RPSLS.app */ = {isa = PBXFileReference; explicitFileType = wrapper.application; includeInIndex = 0; path = RPSLS.app; sourceTree = BUILT_PRODUCTS_DIR; };
		C9FF22DD237AF52100030742 /* AppDelegate.swift */ = {isa = PBXFileReference; lastKnownFileType = sourcecode.swift; path = AppDelegate.swift; sourceTree = "<group>"; };
		C9FF22DF237AF52200030742 /* SceneDelegate.swift */ = {isa = PBXFileReference; lastKnownFileType = sourcecode.swift; path = SceneDelegate.swift; sourceTree = "<group>"; };
		C9FF22E1237AF52200030742 /* ViewController.swift */ = {isa = PBXFileReference; lastKnownFileType = sourcecode.swift; path = ViewController.swift; sourceTree = "<group>"; };
		C9FF22E4237AF52200030742 /* Base */ = {isa = PBXFileReference; lastKnownFileType = file.storyboard; name = Base; path = Base.lproj/Main.storyboard; sourceTree = "<group>"; };
		C9FF22E6237AF52600030742 /* Assets.xcassets */ = {isa = PBXFileReference; lastKnownFileType = folder.assetcatalog; path = Assets.xcassets; sourceTree = "<group>"; };
		C9FF22E9237AF52600030742 /* Base */ = {isa = PBXFileReference; lastKnownFileType = file.storyboard; name = Base; path = Base.lproj/LaunchScreen.storyboard; sourceTree = "<group>"; };
		C9FF22EB237AF52600030742 /* Info.plist */ = {isa = PBXFileReference; lastKnownFileType = text.plist.xml; path = Info.plist; sourceTree = "<group>"; };
		C9FF22F1237AF57800030742 /* Sign.swift */ = {isa = PBXFileReference; lastKnownFileType = sourcecode.swift; path = Sign.swift; sourceTree = "<group>"; };
/* End PBXFileReference section */

/* Begin PBXFrameworksBuildPhase section */
		C9FF22D7237AF52100030742 /* Frameworks */ = {
			isa = PBXFrameworksBuildPhase;
			buildActionMask = 2147483647;
			files = (
			);
			runOnlyForDeploymentPostprocessing = 0;
		};
/* End PBXFrameworksBuildPhase section */

/* Begin PBXGroup section */
		C9FF22D1237AF52100030742 = {
			isa = PBXGroup;
			children = (
				C9FF22DC237AF52100030742 /* RPSLS */,
				C9FF22DB237AF52100030742 /* Products */,
			);
			sourceTree = "<group>";
		};
		C9FF22DB237AF52100030742 /* Products */ = {
			isa = PBXGroup;
			children = (
				C9FF22DA237AF52100030742 /* RPSLS.app */,
			);
			name = Products;
			sourceTree = "<group>";
		};
		C9FF22DC237AF52100030742 /* RPSLS */ = {
			isa = PBXGroup;
			children = (
				C9FF22F1237AF57800030742 /* Sign.swift */,
				C9FF22DD237AF52100030742 /* AppDelegate.swift */,
				C9FF22DF237AF52200030742 /* SceneDelegate.swift */,
				C9FF22E1237AF52200030742 /* ViewController.swift */,
				C9FF22E3237AF52200030742 /* Main.storyboard */,
				C9FF22E6237AF52600030742 /* Assets.xcassets */,
				C9FF22E8237AF52600030742 /* LaunchScreen.storyboard */,
				C9FF22EB237AF52600030742 /* Info.plist */,
			);
			path = RPSLS;
			sourceTree = "<group>";
		};
/* End PBXGroup section */

/* Begin PBXNativeTarget section */
		C9FF22D9237AF52100030742 /* RPSLS */ = {
			isa = PBXNativeTarget;
			buildConfigurationList = C9FF22EE237AF52600030742 /* Build configuration list for PBXNativeTarget "RPSLS" */;
			buildPhases = (
				C9FF22D6237AF52100030742 /* Sources */,
				C9FF22D7237AF52100030742 /* Frameworks */,
				C9FF22D8237AF52100030742 /* Resources */,
			);
			buildRules = (
			);
			dependencies = (
			);
			name = RPSLS;
			productName = RPSLS;
			productReference = C9FF22DA237AF52100030742 /* RPSLS.app */;
			productType = "com.apple.product-type.application";
		};
/* End PBXNativeTarget section */

/* Begin PBXProject section */
		C9FF22D2237AF52100030742 /* Project object */ = {
			isa = PBXProject;
			attributes = {
				LastSwiftUpdateCheck = 1120;
				LastUpgradeCheck = 1120;
				ORGANIZATIONNAME = "Katie Macalintal";
				TargetAttributes = {
					C9FF22D9237AF52100030742 = {
						CreatedOnToolsVersion = 11.2;
					};
				};
			};
			buildConfigurationList = C9FF22D5237AF52100030742 /* Build configuration list for PBXProject "RPSLS" */;
			compatibilityVersion = "Xcode 9.3";
			developmentRegion = en;
			hasScannedForEncodings = 0;
			knownRegions = (
				en,
				Base,
			);
			mainGroup = C9FF22D1237AF52100030742;
			productRefGroup = C9FF22DB237AF52100030742 /* Products */;
			projectDirPath = "";
			projectRoot = "";
			targets = (
				C9FF22D9237AF52100030742 /* RPSLS */,
			);
		};
/* End PBXProject section */

/* Begin PBXResourcesBuildPhase section */
		C9FF22D8237AF52100030742 /* Resources */ = {
			isa = PBXResourcesBuildPhase;
			buildActionMask = 2147483647;
			files = (
				C9FF22EA237AF52600030742 /* LaunchScreen.storyboard in Resources */,
				C9FF22E7237AF52600030742 /* Assets.xcassets in Resources */,
				C9FF22E5237AF52200030742 /* Main.storyboard in Resources */,
			);
			runOnlyForDeploymentPostprocessing = 0;
		};
/* End PBXResourcesBuildPhase section */

/* Begin PBXSourcesBuildPhase section */
		C9FF22D6237AF52100030742 /* Sources */ = {
			isa = PBXSourcesBuildPhase;
			buildActionMask = 2147483647;
			files = (
				C9FF22E2237AF52200030742 /* ViewController.swift in Sources */,
				C9FF22DE237AF52200030742 /* AppDelegate.swift in Sources */,
				C9FF22F2237AF57800030742 /* Sign.swift in Sources */,
				C9FF22E0237AF52200030742 /* SceneDelegate.swift in Sources */,
			);
			runOnlyForDeploymentPostprocessing = 0;
		};
/* End PBXSourcesBuildPhase section */

/* Begin PBXVariantGroup section */
		C9FF22E3237AF52200030742 /* Main.storyboard */ = {
			isa = PBXVariantGroup;
			children = (
				C9FF22E4237AF52200030742 /* Base */,
			);
			name = Main.storyboard;
			sourceTree = "<group>";
		};
		C9FF22E8237AF52600030742 /* LaunchScreen.storyboard */ = {
			isa = PBXVariantGroup;
			children = (
				C9FF22E9237AF52600030742 /* Base */,
			);
			name = LaunchScreen.storyboard;
			sourceTree = "<group>";
		};
/* End PBXVariantGroup section */

/* Begin XCBuildConfiguration section */
		C9FF22EC237AF52600030742 /* Debug */ = {
			isa = XCBuildConfiguration;
			buildSettings = {
				ALWAYS_SEARCH_USER_PATHS = NO;
				CLANG_ANALYZER_NONNULL = YES;
				CLANG_ANALYZER_NUMBER_OBJECT_CONVERSION = YES_AGGRESSIVE;
				CLANG_CXX_LANGUAGE_STANDARD = "gnu++14";
				CLANG_CXX_LIBRARY = "libc++";
				CLANG_ENABLE_MODULES = YES;
				CLANG_ENABLE_OBJC_ARC = YES;
				CLANG_ENABLE_OBJC_WEAK = YES;
				CLANG_WARN_BLOCK_CAPTURE_AUTORELEASING = YES;
				CLANG_WARN_BOOL_CONVERSION = YES;
				CLANG_WARN_COMMA = YES;
				CLANG_WARN_CONSTANT_CONVERSION = YES;
				CLANG_WARN_DEPRECATED_OBJC_IMPLEMENTATIONS = YES;
				CLANG_WARN_DIRECT_OBJC_ISA_USAGE = YES_ERROR;
				CLANG_WARN_DOCUMENTATION_COMMENTS = YES;
				CLANG_WARN_EMPTY_BODY = YES;
				CLANG_WARN_ENUM_CONVERSION = YES;
				CLANG_WARN_INFINITE_RECURSION = YES;
				CLANG_WARN_INT_CONVERSION = YES;
				CLANG_WARN_NON_LITERAL_NULL_CONVERSION = YES;
				CLANG_WARN_OBJC_IMPLICIT_RETAIN_SELF = YES;
				CLANG_WARN_OBJC_LITERAL_CONVERSION = YES;
				CLANG_WARN_OBJC_ROOT_CLASS = YES_ERROR;
				CLANG_WARN_RANGE_LOOP_ANALYSIS = YES;
				CLANG_WARN_STRICT_PROTOTYPES = YES;
				CLANG_WARN_SUSPICIOUS_MOVE = YES;
				CLANG_WARN_UNGUARDED_AVAILABILITY = YES_AGGRESSIVE;
				CLANG_WARN_UNREACHABLE_CODE = YES;
				CLANG_WARN__DUPLICATE_METHOD_MATCH = YES;
				COPY_PHASE_STRIP = NO;
				DEBUG_INFORMATION_FORMAT = dwarf;
				ENABLE_STRICT_OBJC_MSGSEND = YES;
				ENABLE_TESTABILITY = YES;
				GCC_C_LANGUAGE_STANDARD = gnu11;
				GCC_DYNAMIC_NO_PIC = NO;
				GCC_NO_COMMON_BLOCKS = YES;
				GCC_OPTIMIZATION_LEVEL = 0;
				GCC_PREPROCESSOR_DEFINITIONS = (
					"DEBUG=1",
					"$(inherited)",
				);
				GCC_WARN_64_TO_32_BIT_CONVERSION = YES;
				GCC_WARN_ABOUT_RETURN_TYPE = YES_ERROR;
				GCC_WARN_UNDECLARED_SELECTOR = YES;
				GCC_WARN_UNINITIALIZED_AUTOS = YES_AGGRESSIVE;
				GCC_WARN_UNUSED_FUNCTION = YES;
				GCC_WARN_UNUSED_VARIABLE = YES;
				IPHONEOS_DEPLOYMENT_TARGET = 13.2;
				MTL_ENABLE_DEBUG_INFO = INCLUDE_SOURCE;
				MTL_FAST_MATH = YES;
				ONLY_ACTIVE_ARCH = YES;
				SDKROOT = iphoneos;
				SWIFT_ACTIVE_COMPILATION_CONDITIONS = DEBUG;
				SWIFT_OPTIMIZATION_LEVEL = "-Onone";
			};
			name = Debug;
		};
		C9FF22ED237AF52600030742 /* Release */ = {
			isa = XCBuildConfiguration;
			buildSettings = {
				ALWAYS_SEARCH_USER_PATHS = NO;
				CLANG_ANALYZER_NONNULL = YES;
				CLANG_ANALYZER_NUMBER_OBJECT_CONVERSION = YES_AGGRESSIVE;
				CLANG_CXX_LANGUAGE_STANDARD = "gnu++14";
				CLANG_CXX_LIBRARY = "libc++";
				CLANG_ENABLE_MODULES = YES;
				CLANG_ENABLE_OBJC_ARC = YES;
				CLANG_ENABLE_OBJC_WEAK = YES;
				CLANG_WARN_BLOCK_CAPTURE_AUTORELEASING = YES;
				CLANG_WARN_BOOL_CONVERSION = YES;
				CLANG_WARN_COMMA = YES;
				CLANG_WARN_CONSTANT_CONVERSION = YES;
				CLANG_WARN_DEPRECATED_OBJC_IMPLEMENTATIONS = YES;
				CLANG_WARN_DIRECT_OBJC_ISA_USAGE = YES_ERROR;
				CLANG_WARN_DOCUMENTATION_COMMENTS = YES;
				CLANG_WARN_EMPTY_BODY = YES;
				CLANG_WARN_ENUM_CONVERSION = YES;
				CLANG_WARN_INFINITE_RECURSION = YES;
				CLANG_WARN_INT_CONVERSION = YES;
				CLANG_WARN_NON_LITERAL_NULL_CONVERSION = YES;
				CLANG_WARN_OBJC_IMPLICIT_RETAIN_SELF = YES;
				CLANG_WARN_OBJC_LITERAL_CONVERSION = YES;
				CLANG_WARN_OBJC_ROOT_CLASS = YES_ERROR;
				CLANG_WARN_RANGE_LOOP_ANALYSIS = YES;
				CLANG_WARN_STRICT_PROTOTYPES = YES;
				CLANG_WARN_SUSPICIOUS_MOVE = YES;
				CLANG_WARN_UNGUARDED_AVAILABILITY = YES_AGGRESSIVE;
				CLANG_WARN_UNREACHABLE_CODE = YES;
				CLANG_WARN__DUPLICATE_METHOD_MATCH = YES;
				COPY_PHASE_STRIP = NO;
				DEBUG_INFORMATION_FORMAT = "dwarf-with-dsym";
				ENABLE_NS_ASSERTIONS = NO;
				ENABLE_STRICT_OBJC_MSGSEND = YES;
				GCC_C_LANGUAGE_STANDARD = gnu11;
				GCC_NO_COMMON_BLOCKS = YES;
				GCC_WARN_64_TO_32_BIT_CONVERSION = YES;
				GCC_WARN_ABOUT_RETURN_TYPE = YES_ERROR;
				GCC_WARN_UNDECLARED_SELECTOR = YES;
				GCC_WARN_UNINITIALIZED_AUTOS = YES_AGGRESSIVE;
				GCC_WARN_UNUSED_FUNCTION = YES;
				GCC_WARN_UNUSED_VARIABLE = YES;
				IPHONEOS_DEPLOYMENT_TARGET = 13.2;
				MTL_ENABLE_DEBUG_INFO = NO;
				MTL_FAST_MATH = YES;
				SDKROOT = iphoneos;
				SWIFT_COMPILATION_MODE = wholemodule;
				SWIFT_OPTIMIZATION_LEVEL = "-O";
				VALIDATE_PRODUCT = YES;
			};
			name = Release;
		};
		C9FF22EF237AF52600030742 /* Debug */ = {
			isa = XCBuildConfiguration;
			buildSettings = {
				ASSETCATALOG_COMPILER_APPICON_NAME = AppIcon;
				CODE_SIGN_STYLE = Automatic;
				INFOPLIST_FILE = RPSLS/Info.plist;
				LD_RUNPATH_SEARCH_PATHS = (
					"$(inherited)",
					"@executable_path/Frameworks",
				);
				PRODUCT_BUNDLE_IDENTIFIER = com.example.RPSLS;
				PRODUCT_NAME = "$(TARGET_NAME)";
				SWIFT_VERSION = 5.0;
				TARGETED_DEVICE_FAMILY = "1,2";
			};
			name = Debug;
		};
		C9FF22F0237AF52600030742 /* Release */ = {
			isa = XCBuildConfiguration;
			buildSettings = {
				ASSETCATALOG_COMPILER_APPICON_NAME = AppIcon;
				CODE_SIGN_STYLE = Automatic;
				INFOPLIST_FILE = RPSLS/Info.plist;
				LD_RUNPATH_SEARCH_PATHS = (
					"$(inherited)",
					"@executable_path/Frameworks",
				);
				PRODUCT_BUNDLE_IDENTIFIER = com.example.RPSLS;
				PRODUCT_NAME = "$(TARGET_NAME)";
				SWIFT_VERSION = 5.0;
				TARGETED_DEVICE_FAMILY = "1,2";
			};
			name = Release;
		};
/* End XCBuildConfiguration section */

/* Begin XCConfigurationList section */
		C9FF22D5237AF52100030742 /* Build configuration list for PBXProject "RPSLS" */ = {
			isa = XCConfigurationList;
			buildConfigurations = (
				C9FF22EC237AF52600030742 /* Debug */,
				C9FF22ED237AF52600030742 /* Release */,
			);
			defaultConfigurationIsVisible = 0;
			defaultConfigurationName = Release;
		};
		C9FF22EE237AF52600030742 /* Build configuration list for PBXNativeTarget "RPSLS" */ = {
			isa = XCConfigurationList;
			buildConfigurations = (
				C9FF22EF237AF52600030742 /* Debug */,
				C9FF22F0237AF52600030742 /* Release */,
			);
			defaultConfigurationIsVisible = 0;
			defaultConfigurationName = Release;
		};
/* End XCConfigurationList section */
	};
	rootObject = C9FF22D2237AF52100030742 /* Project object */;
}
